
Microsoft Visual Studio Solution File, Format Version 12.00
# Visual Studio Version 17
VisualStudioVersion = 17.9.34728.123
MinimumVisualStudioVersion = 10.0.40219.1
Project("{FAE04EC0-301F-11D3-BF4B-00C04F79EFBC}") = "day1Consoleapp", "day1Consoleapp\day1Consoleapp.csproj", "{2B9C7EA9-8BB7-4456-83CD-B10C5E696CB0}"
EndProject
Project("{FAE04EC0-301F-11D3-BF4B-00C04F79EFBC}") = "dataModelLibrary", "dataModelLibrary\dataModelLibrary.csproj", "{DCEFA194-E347-4069-8FA0-056EFF95F079}"
EndProject
Global
	GlobalSection(SolutionConfigurationPlatforms) = preSolution
		Debug|Any CPU = Debug|Any CPU
		Release|Any CPU = Release|Any CPU
	EndGlobalSection
	GlobalSection(ProjectConfigurationPlatforms) = postSolution
		{2B9C7EA9-8BB7-4456-83CD-B10C5E696CB0}.Debug|Any CPU.ActiveCfg = Debug|Any CPU
		{2B9C7EA9-8BB7-4456-83CD-B10C5E696CB0}.Debug|Any CPU.Build.0 = Debug|Any CPU
		{2B9C7EA9-8BB7-4456-83CD-B10C5E696CB0}.Release|Any CPU.ActiveCfg = Release|Any CPU
		{2B9C7EA9-8BB7-4456-83CD-B10C5E696CB0}.Release|Any CPU.Build.0 = Release|Any CPU
		{DCEFA194-E347-4069-8FA0-056EFF95F079}.Debug|Any CPU.ActiveCfg = Debug|Any CPU
		{DCEFA194-E347-4069-8FA0-056EFF95F079}.Debug|Any CPU.Build.0 = Debug|Any CPU
		{DCEFA194-E347-4069-8FA0-056EFF95F079}.Release|Any CPU.ActiveCfg = Release|Any CPU
		{DCEFA194-E347-4069-8FA0-056EFF95F079}.Release|Any CPU.Build.0 = Release|Any CPU
	EndGlobalSection
	GlobalSection(SolutionProperties) = preSolution
		HideSolutionNode = FALSE
	EndGlobalSection
	GlobalSection(ExtensibilityGlobals) = postSolution
		SolutionGuid = {852130A6-2024-45DC-BA18-7A0B7B3A2F60}
	EndGlobalSection
EndGlobal
